// !$*UTF8*$!
{
	archiveVersion = 1;
	classes = {
	};
	objectVersion = 56;
	objects = {

/* Begin PBXBuildFile section */
		E8BEEA312AEA62C00037A97F /* AppDelegate.swift in Sources */ = {isa = PBXBuildFile; fileRef = E8BEEA302AEA62C00037A97F /* AppDelegate.swift */; };
		E8BEEA332AEA62C00037A97F /* SceneDelegate.swift in Sources */ = {isa = PBXBuildFile; fileRef = E8BEEA322AEA62C00037A97F /* SceneDelegate.swift */; };
		E8BEEA382AEA62C10037A97F /* Main.storyboard in Resources */ = {isa = PBXBuildFile; fileRef = E8BEEA362AEA62C10037A97F /* Main.storyboard */; };
		E8BEEA3A2AEA62C40037A97F /* Assets.xcassets in Resources */ = {isa = PBXBuildFile; fileRef = E8BEEA392AEA62C40037A97F /* Assets.xcassets */; };
		E8BEEA3D2AEA62C40037A97F /* LaunchScreen.storyboard in Resources */ = {isa = PBXBuildFile; fileRef = E8BEEA3B2AEA62C40037A97F /* LaunchScreen.storyboard */; };
		E8BEEA4A2AEB01810037A97F /* HomeVC.swift in Sources */ = {isa = PBXBuildFile; fileRef = E8BEEA492AEB01810037A97F /* HomeVC.swift */; };
		E8BEEA4C2AEB035E0037A97F /* topCollectionViewCell.swift in Sources */ = {isa = PBXBuildFile; fileRef = E8BEEA4B2AEB035E0037A97F /* topCollectionViewCell.swift */; };
		E8BEEA4E2AEB03760037A97F /* brandCollectionViewCell.swift in Sources */ = {isa = PBXBuildFile; fileRef = E8BEEA4D2AEB03760037A97F /* brandCollectionViewCell.swift */; };
		E8BEEA502AEB038A0037A97F /* productCollectionViewCell.swift in Sources */ = {isa = PBXBuildFile; fileRef = E8BEEA4F2AEB038A0037A97F /* productCollectionViewCell.swift */; };
		E8BEEA522AEB0C480037A97F /* CollectionViewHeaderReusableView.swift in Sources */ = {isa = PBXBuildFile; fileRef = E8BEEA512AEB0C480037A97F /* CollectionViewHeaderReusableView.swift */; };
		E8BEEA552AEBCFD80037A97F /* model.swift in Sources */ = {isa = PBXBuildFile; fileRef = E8BEEA542AEBCFD80037A97F /* model.swift */; };
		E8BEEA572AEC1DED0037A97F /* testData.swift in Sources */ = {isa = PBXBuildFile; fileRef = E8BEEA562AEC1DED0037A97F /* testData.swift */; };
		E8C97BEB2AF6E8F000F5FAC6 /* detailsVC.swift in Sources */ = {isa = PBXBuildFile; fileRef = E8C97BEA2AF6E8F000F5FAC6 /* detailsVC.swift */; };
/* End PBXBuildFile section */

/* Begin PBXFileReference section */
		E8BEEA2D2AEA62C00037A97F /* EcommarceFullApp.app */ = {isa = PBXFileReference; explicitFileType = wrapper.application; includeInIndex = 0; path = EcommarceFullApp.app; sourceTree = BUILT_PRODUCTS_DIR; };
		E8BEEA302AEA62C00037A97F /* AppDelegate.swift */ = {isa = PBXFileReference; lastKnownFileType = sourcecode.swift; path = AppDelegate.swift; sourceTree = "<group>"; };
		E8BEEA322AEA62C00037A97F /* SceneDelegate.swift */ = {isa = PBXFileReference; lastKnownFileType = sourcecode.swift; path = SceneDelegate.swift; sourceTree = "<group>"; };
		E8BEEA372AEA62C10037A97F /* Base */ = {isa = PBXFileReference; lastKnownFileType = file.storyboard; name = Base; path = Base.lproj/Main.storyboard; sourceTree = "<group>"; };
		E8BEEA392AEA62C40037A97F /* Assets.xcassets */ = {isa = PBXFileReference; lastKnownFileType = folder.assetcatalog; path = Assets.xcassets; sourceTree = "<group>"; };
		E8BEEA3C2AEA62C40037A97F /* Base */ = {isa = PBXFileReference; lastKnownFileType = file.storyboard; name = Base; path = Base.lproj/LaunchScreen.storyboard; sourceTree = "<group>"; };
		E8BEEA3E2AEA62C40037A97F /* Info.plist */ = {isa = PBXFileReference; lastKnownFileType = text.plist.xml; path = Info.plist; sourceTree = "<group>"; };
		E8BEEA492AEB01810037A97F /* HomeVC.swift */ = {isa = PBXFileReference; lastKnownFileType = sourcecode.swift; path = HomeVC.swift; sourceTree = "<group>"; };
		E8BEEA4B2AEB035E0037A97F /* topCollectionViewCell.swift */ = {isa = PBXFileReference; lastKnownFileType = sourcecode.swift; path = topCollectionViewCell.swift; sourceTree = "<group>"; };
		E8BEEA4D2AEB03760037A97F /* brandCollectionViewCell.swift */ = {isa = PBXFileReference; lastKnownFileType = sourcecode.swift; path = brandCollectionViewCell.swift; sourceTree = "<group>"; };
		E8BEEA4F2AEB038A0037A97F /* productCollectionViewCell.swift */ = {isa = PBXFileReference; lastKnownFileType = sourcecode.swift; path = productCollectionViewCell.swift; sourceTree = "<group>"; };
		E8BEEA512AEB0C480037A97F /* CollectionViewHeaderReusableView.swift */ = {isa = PBXFileReference; lastKnownFileType = sourcecode.swift; path = CollectionViewHeaderReusableView.swift; sourceTree = "<group>"; };
		E8BEEA542AEBCFD80037A97F /* model.swift */ = {isa = PBXFileReference; lastKnownFileType = sourcecode.swift; path = model.swift; sourceTree = "<group>"; };
		E8BEEA562AEC1DED0037A97F /* testData.swift */ = {isa = PBXFileReference; lastKnownFileType = sourcecode.swift; path = testData.swift; sourceTree = "<group>"; };
		E8C97BEA2AF6E8F000F5FAC6 /* detailsVC.swift */ = {isa = PBXFileReference; lastKnownFileType = sourcecode.swift; path = detailsVC.swift; sourceTree = "<group>"; };
/* End PBXFileReference section */

/* Begin PBXFrameworksBuildPhase section */
		E8BEEA2A2AEA62C00037A97F /* Frameworks */ = {
			isa = PBXFrameworksBuildPhase;
			buildActionMask = 2147483647;
			files = (
			);
			runOnlyForDeploymentPostprocessing = 0;
		};
/* End PBXFrameworksBuildPhase section */

/* Begin PBXGroup section */
		E83CF7022AF6D78D002FBBA0 /* homevcCells */ = {
			isa = PBXGroup;
			children = (
				E8BEEA4B2AEB035E0037A97F /* topCollectionViewCell.swift */,
				E8BEEA4D2AEB03760037A97F /* brandCollectionViewCell.swift */,
				E8BEEA4F2AEB038A0037A97F /* productCollectionViewCell.swift */,
				E8BEEA512AEB0C480037A97F /* CollectionViewHeaderReusableView.swift */,
			);
			path = homevcCells;
			sourceTree = "<group>";
		};
		E83CF7032AF6D7B7002FBBA0 /* HomeVc */ = {
			isa = PBXGroup;
			children = (
				E8BEEA492AEB01810037A97F /* HomeVC.swift */,
			);
			path = HomeVc;
			sourceTree = "<group>";
		};
		E83CF7042AF6D7C4002FBBA0 /* New Group */ = {
			isa = PBXGroup;
			children = (
			);
			path = "New Group";
			sourceTree = "<group>";
		};
		E83CF7052AF6D7C8002FBBA0 /* detailsVC */ = {
			isa = PBXGroup;
			children = (
				E8C97BEA2AF6E8F000F5FAC6 /* detailsVC.swift */,
			);
			path = detailsVC;
			sourceTree = "<group>";
		};
		E8BEEA242AEA62C00037A97F = {
			isa = PBXGroup;
			children = (
				E8BEEA2F2AEA62C00037A97F /* EcommarceFullApp */,
				E8BEEA2E2AEA62C00037A97F /* Products */,
			);
			sourceTree = "<group>";
		};
		E8BEEA2E2AEA62C00037A97F /* Products */ = {
			isa = PBXGroup;
			children = (
				E8BEEA2D2AEA62C00037A97F /* EcommarceFullApp.app */,
			);
			name = Products;
			sourceTree = "<group>";
		};
		E8BEEA2F2AEA62C00037A97F /* EcommarceFullApp */ = {
			isa = PBXGroup;
			children = (
				E8BEEA562AEC1DED0037A97F /* testData.swift */,
				E8BEEA532AEBB3A80037A97F /* model */,
				E8BEEA482AEB01110037A97F /* application */,
				E8BEEA472AEB010E0037A97F /* storyboards */,
				E8BEEA462AEB010B0037A97F /* views */,
				E8BEEA452AEB01080037A97F /* assets */,
				E8BEEA442AEB01030037A97F /* cells */,
				E8BEEA3E2AEA62C40037A97F /* Info.plist */,
			);
			path = EcommarceFullApp;
			sourceTree = "<group>";
		};
		E8BEEA442AEB01030037A97F /* cells */ = {
			isa = PBXGroup;
			children = (
				E83CF7022AF6D78D002FBBA0 /* homevcCells */,
			);
			path = cells;
			sourceTree = "<group>";
		};
		E8BEEA452AEB01080037A97F /* assets */ = {
			isa = PBXGroup;
			children = (
				E8BEEA392AEA62C40037A97F /* Assets.xcassets */,
			);
			path = assets;
			sourceTree = "<group>";
		};
		E8BEEA462AEB010B0037A97F /* views */ = {
			isa = PBXGroup;
			children = (
				E83CF7052AF6D7C8002FBBA0 /* detailsVC */,
				E83CF7042AF6D7C4002FBBA0 /* New Group */,
				E83CF7032AF6D7B7002FBBA0 /* HomeVc */,
			);
			path = views;
			sourceTree = "<group>";
		};
		E8BEEA472AEB010E0037A97F /* storyboards */ = {
			isa = PBXGroup;
			children = (
				E8BEEA362AEA62C10037A97F /* Main.storyboard */,
				E8BEEA3B2AEA62C40037A97F /* LaunchScreen.storyboard */,
			);
			path = storyboards;
			sourceTree = "<group>";
		};
		E8BEEA482AEB01110037A97F /* application */ = {
			isa = PBXGroup;
			children = (
				E8BEEA302AEA62C00037A97F /* AppDelegate.swift */,
				E8BEEA322AEA62C00037A97F /* SceneDelegate.swift */,
			);
			path = application;
			sourceTree = "<group>";
		};
		E8BEEA532AEBB3A80037A97F /* model */ = {
			isa = PBXGroup;
			children = (
				E8BEEA542AEBCFD80037A97F /* model.swift */,
			);
			path = model;
			sourceTree = "<group>";
		};
/* End PBXGroup section */

/* Begin PBXNativeTarget section */
		E8BEEA2C2AEA62C00037A97F /* EcommarceFullApp */ = {
			isa = PBXNativeTarget;
			buildConfigurationList = E8BEEA412AEA62C40037A97F /* Build configuration list for PBXNativeTarget "EcommarceFullApp" */;
			buildPhases = (
				E8BEEA292AEA62C00037A97F /* Sources */,
				E8BEEA2A2AEA62C00037A97F /* Frameworks */,
				E8BEEA2B2AEA62C00037A97F /* Resources */,
			);
			buildRules = (
			);
			dependencies = (
			);
			name = EcommarceFullApp;
			productName = EcommarceFullApp;
			productReference = E8BEEA2D2AEA62C00037A97F /* EcommarceFullApp.app */;
			productType = "com.apple.product-type.application";
		};
/* End PBXNativeTarget section */

/* Begin PBXProject section */
		E8BEEA252AEA62C00037A97F /* Project object */ = {
			isa = PBXProject;
			attributes = {
				BuildIndependentTargetsInParallel = 1;
				LastSwiftUpdateCheck = 1500;
				LastUpgradeCheck = 1500;
				TargetAttributes = {
					E8BEEA2C2AEA62C00037A97F = {
						CreatedOnToolsVersion = 15.0;
					};
				};
			};
			buildConfigurationList = E8BEEA282AEA62C00037A97F /* Build configuration list for PBXProject "EcommarceFullApp" */;
			compatibilityVersion = "Xcode 14.0";
			developmentRegion = en;
			hasScannedForEncodings = 0;
			knownRegions = (
				en,
				Base,
			);
			mainGroup = E8BEEA242AEA62C00037A97F;
			productRefGroup = E8BEEA2E2AEA62C00037A97F /* Products */;
			projectDirPath = "";
			projectRoot = "";
			targets = (
				E8BEEA2C2AEA62C00037A97F /* EcommarceFullApp */,
			);
		};
/* End PBXProject section */

/* Begin PBXResourcesBuildPhase section */
		E8BEEA2B2AEA62C00037A97F /* Resources */ = {
			isa = PBXResourcesBuildPhase;
			buildActionMask = 2147483647;
			files = (
				E8BEEA3D2AEA62C40037A97F /* LaunchScreen.storyboard in Resources */,
				E8BEEA3A2AEA62C40037A97F /* Assets.xcassets in Resources */,
				E8BEEA382AEA62C10037A97F /* Main.storyboard in Resources */,
			);
			runOnlyForDeploymentPostprocessing = 0;
		};
/* End PBXResourcesBuildPhase section */

/* Begin PBXSourcesBuildPhase section */
		E8BEEA292AEA62C00037A97F /* Sources */ = {
			isa = PBXSourcesBuildPhase;
			buildActionMask = 2147483647;
			files = (
				E8BEEA4C2AEB035E0037A97F /* topCollectionViewCell.swift in Sources */,
				E8BEEA4A2AEB01810037A97F /* HomeVC.swift in Sources */,
				E8BEEA312AEA62C00037A97F /* AppDelegate.swift in Sources */,
				E8BEEA522AEB0C480037A97F /* CollectionViewHeaderReusableView.swift in Sources */,
				E8BEEA4E2AEB03760037A97F /* brandCollectionViewCell.swift in Sources */,
				E8BEEA502AEB038A0037A97F /* productCollectionViewCell.swift in Sources */,
				E8BEEA332AEA62C00037A97F /* SceneDelegate.swift in Sources */,
				E8C97BEB2AF6E8F000F5FAC6 /* detailsVC.swift in Sources */,
				E8BEEA552AEBCFD80037A97F /* model.swift in Sources */,
				E8BEEA572AEC1DED0037A97F /* testData.swift in Sources */,
			);
			runOnlyForDeploymentPostprocessing = 0;
		};
/* End PBXSourcesBuildPhase section */

/* Begin PBXVariantGroup section */
		E8BEEA362AEA62C10037A97F /* Main.storyboard */ = {
			isa = PBXVariantGroup;
			children = (
				E8BEEA372AEA62C10037A97F /* Base */,
			);
			name = Main.storyboard;
			sourceTree = "<group>";
		};
		E8BEEA3B2AEA62C40037A97F /* LaunchScreen.storyboard */ = {
			isa = PBXVariantGroup;
			children = (
				E8BEEA3C2AEA62C40037A97F /* Base */,
			);
			name = LaunchScreen.storyboard;
			sourceTree = "<group>";
		};
/* End PBXVariantGroup section */

/* Begin XCBuildConfiguration section */
		E8BEEA3F2AEA62C40037A97F /* Debug */ = {
			isa = XCBuildConfiguration;
			buildSettings = {
				ALWAYS_SEARCH_USER_PATHS = NO;
				ASSETCATALOG_COMPILER_GENERATE_SWIFT_ASSET_SYMBOL_EXTENSIONS = YES;
				CLANG_ANALYZER_NONNULL = YES;
				CLANG_ANALYZER_NUMBER_OBJECT_CONVERSION = YES_AGGRESSIVE;
				CLANG_CXX_LANGUAGE_STANDARD = "gnu++20";
				CLANG_ENABLE_MODULES = YES;
				CLANG_ENABLE_OBJC_ARC = YES;
				CLANG_ENABLE_OBJC_WEAK = YES;
				CLANG_WARN_BLOCK_CAPTURE_AUTORELEASING = YES;
				CLANG_WARN_BOOL_CONVERSION = YES;
				CLANG_WARN_COMMA = YES;
				CLANG_WARN_CONSTANT_CONVERSION = YES;
				CLANG_WARN_DEPRECATED_OBJC_IMPLEMENTATIONS = YES;
				CLANG_WARN_DIRECT_OBJC_ISA_USAGE = YES_ERROR;
				CLANG_WARN_DOCUMENTATION_COMMENTS = YES;
				CLANG_WARN_EMPTY_BODY = YES;
				CLANG_WARN_ENUM_CONVERSION = YES;
				CLANG_WARN_INFINITE_RECURSION = YES;
				CLANG_WARN_INT_CONVERSION = YES;
				CLANG_WARN_NON_LITERAL_NULL_CONVERSION = YES;
				CLANG_WARN_OBJC_IMPLICIT_RETAIN_SELF = YES;
				CLANG_WARN_OBJC_LITERAL_CONVERSION = YES;
				CLANG_WARN_OBJC_ROOT_CLASS = YES_ERROR;
				CLANG_WARN_QUOTED_INCLUDE_IN_FRAMEWORK_HEADER = YES;
				CLANG_WARN_RANGE_LOOP_ANALYSIS = YES;
				CLANG_WARN_STRICT_PROTOTYPES = YES;
				CLANG_WARN_SUSPICIOUS_MOVE = YES;
				CLANG_WARN_UNGUARDED_AVAILABILITY = YES_AGGRESSIVE;
				CLANG_WARN_UNREACHABLE_CODE = YES;
				CLANG_WARN__DUPLICATE_METHOD_MATCH = YES;
				COPY_PHASE_STRIP = NO;
				DEBUG_INFORMATION_FORMAT = dwarf;
				ENABLE_STRICT_OBJC_MSGSEND = YES;
				ENABLE_TESTABILITY = YES;
				ENABLE_USER_SCRIPT_SANDBOXING = YES;
				GCC_C_LANGUAGE_STANDARD = gnu17;
				GCC_DYNAMIC_NO_PIC = NO;
				GCC_NO_COMMON_BLOCKS = YES;
				GCC_OPTIMIZATION_LEVEL = 0;
				GCC_PREPROCESSOR_DEFINITIONS = (
					"DEBUG=1",
					"$(inherited)",
				);
				GCC_WARN_64_TO_32_BIT_CONVERSION = YES;
				GCC_WARN_ABOUT_RETURN_TYPE = YES_ERROR;
				GCC_WARN_UNDECLARED_SELECTOR = YES;
				GCC_WARN_UNINITIALIZED_AUTOS = YES_AGGRESSIVE;
				GCC_WARN_UNUSED_FUNCTION = YES;
				GCC_WARN_UNUSED_VARIABLE = YES;
				IPHONEOS_DEPLOYMENT_TARGET = 17.0;
				LOCALIZATION_PREFERS_STRING_CATALOGS = YES;
				MTL_ENABLE_DEBUG_INFO = INCLUDE_SOURCE;
				MTL_FAST_MATH = YES;
				ONLY_ACTIVE_ARCH = YES;
				SDKROOT = iphoneos;
				SWIFT_ACTIVE_COMPILATION_CONDITIONS = "DEBUG $(inherited)";
				SWIFT_OPTIMIZATION_LEVEL = "-Onone";
			};
			name = Debug;
		};
		E8BEEA402AEA62C40037A97F /* Release */ = {
			isa = XCBuildConfiguration;
			buildSettings = {
				ALWAYS_SEARCH_USER_PATHS = NO;
				ASSETCATALOG_COMPILER_GENERATE_SWIFT_ASSET_SYMBOL_EXTENSIONS = YES;
				CLANG_ANALYZER_NONNULL = YES;
				CLANG_ANALYZER_NUMBER_OBJECT_CONVERSION = YES_AGGRESSIVE;
				CLANG_CXX_LANGUAGE_STANDARD = "gnu++20";
				CLANG_ENABLE_MODULES = YES;
				CLANG_ENABLE_OBJC_ARC = YES;
				CLANG_ENABLE_OBJC_WEAK = YES;
				CLANG_WARN_BLOCK_CAPTURE_AUTORELEASING = YES;
				CLANG_WARN_BOOL_CONVERSION = YES;
				CLANG_WARN_COMMA = YES;
				CLANG_WARN_CONSTANT_CONVERSION = YES;
				CLANG_WARN_DEPRECATED_OBJC_IMPLEMENTATIONS = YES;
				CLANG_WARN_DIRECT_OBJC_ISA_USAGE = YES_ERROR;
				CLANG_WARN_DOCUMENTATION_COMMENTS = YES;
				CLANG_WARN_EMPTY_BODY = YES;
				CLANG_WARN_ENUM_CONVERSION = YES;
				CLANG_WARN_INFINITE_RECURSION = YES;
				CLANG_WARN_INT_CONVERSION = YES;
				CLANG_WARN_NON_LITERAL_NULL_CONVERSION = YES;
				CLANG_WARN_OBJC_IMPLICIT_RETAIN_SELF = YES;
				CLANG_WARN_OBJC_LITERAL_CONVERSION = YES;
				CLANG_WARN_OBJC_ROOT_CLASS = YES_ERROR;
				CLANG_WARN_QUOTED_INCLUDE_IN_FRAMEWORK_HEADER = YES;
				CLANG_WARN_RANGE_LOOP_ANALYSIS = YES;
				CLANG_WARN_STRICT_PROTOTYPES = YES;
				CLANG_WARN_SUSPICIOUS_MOVE = YES;
				CLANG_WARN_UNGUARDED_AVAILABILITY = YES_AGGRESSIVE;
				CLANG_WARN_UNREACHABLE_CODE = YES;
				CLANG_WARN__DUPLICATE_METHOD_MATCH = YES;
				COPY_PHASE_STRIP = NO;
				DEBUG_INFORMATION_FORMAT = "dwarf-with-dsym";
				ENABLE_NS_ASSERTIONS = NO;
				ENABLE_STRICT_OBJC_MSGSEND = YES;
				ENABLE_USER_SCRIPT_SANDBOXING = YES;
				GCC_C_LANGUAGE_STANDARD = gnu17;
				GCC_NO_COMMON_BLOCKS = YES;
				GCC_WARN_64_TO_32_BIT_CONVERSION = YES;
				GCC_WARN_ABOUT_RETURN_TYPE = YES_ERROR;
				GCC_WARN_UNDECLARED_SELECTOR = YES;
				GCC_WARN_UNINITIALIZED_AUTOS = YES_AGGRESSIVE;
				GCC_WARN_UNUSED_FUNCTION = YES;
				GCC_WARN_UNUSED_VARIABLE = YES;
				IPHONEOS_DEPLOYMENT_TARGET = 17.0;
				LOCALIZATION_PREFERS_STRING_CATALOGS = YES;
				MTL_ENABLE_DEBUG_INFO = NO;
				MTL_FAST_MATH = YES;
				SDKROOT = iphoneos;
				SWIFT_COMPILATION_MODE = wholemodule;
				VALIDATE_PRODUCT = YES;
			};
			name = Release;
		};
		E8BEEA422AEA62C40037A97F /* Debug */ = {
			isa = XCBuildConfiguration;
			buildSettings = {
				ASSETCATALOG_COMPILER_APPICON_NAME = AppIcon;
				ASSETCATALOG_COMPILER_GLOBAL_ACCENT_COLOR_NAME = AccentColor;
				CODE_SIGN_STYLE = Automatic;
				CURRENT_PROJECT_VERSION = 1;
				GENERATE_INFOPLIST_FILE = YES;
				INFOPLIST_FILE = EcommarceFullApp/Info.plist;
				INFOPLIST_KEY_UIApplicationSupportsIndirectInputEvents = YES;
				INFOPLIST_KEY_UILaunchStoryboardName = LaunchScreen;
				INFOPLIST_KEY_UIMainStoryboardFile = Main;
				INFOPLIST_KEY_UISupportedInterfaceOrientations_iPad = "UIInterfaceOrientationPortrait UIInterfaceOrientationPortraitUpsideDown UIInterfaceOrientationLandscapeLeft UIInterfaceOrientationLandscapeRight";
				INFOPLIST_KEY_UISupportedInterfaceOrientations_iPhone = "UIInterfaceOrientationPortrait UIInterfaceOrientationLandscapeLeft UIInterfaceOrientationLandscapeRight";
				LD_RUNPATH_SEARCH_PATHS = (
					"$(inherited)",
					"@executable_path/Frameworks",
				);
				MARKETING_VERSION = 1.0;
				PRODUCT_BUNDLE_IDENTIFIER = TIPU.EcommarceFullApp;
				PRODUCT_NAME = "$(TARGET_NAME)";
				SWIFT_EMIT_LOC_STRINGS = YES;
				SWIFT_VERSION = 5.0;
				TARGETED_DEVICE_FAMILY = "1,2";
			};
			name = Debug;
		};
		E8BEEA432AEA62C40037A97F /* Release */ = {
			isa = XCBuildConfiguration;
			buildSettings = {
				ASSETCATALOG_COMPILER_APPICON_NAME = AppIcon;
				ASSETCATALOG_COMPILER_GLOBAL_ACCENT_COLOR_NAME = AccentColor;
				CODE_SIGN_STYLE = Automatic;
				CURRENT_PROJECT_VERSION = 1;
				GENERATE_INFOPLIST_FILE = YES;
				INFOPLIST_FILE = EcommarceFullApp/Info.plist;
				INFOPLIST_KEY_UIApplicationSupportsIndirectInputEvents = YES;
				INFOPLIST_KEY_UILaunchStoryboardName = LaunchScreen;
				INFOPLIST_KEY_UIMainStoryboardFile = Main;
				INFOPLIST_KEY_UISupportedInterfaceOrientations_iPad = "UIInterfaceOrientationPortrait UIInterfaceOrientationPortraitUpsideDown UIInterfaceOrientationLandscapeLeft UIInterfaceOrientationLandscapeRight";
				INFOPLIST_KEY_UISupportedInterfaceOrientations_iPhone = "UIInterfaceOrientationPortrait UIInterfaceOrientationLandscapeLeft UIInterfaceOrientationLandscapeRight";
				LD_RUNPATH_SEARCH_PATHS = (
					"$(inherited)",
					"@executable_path/Frameworks",
				);
				MARKETING_VERSION = 1.0;
				PRODUCT_BUNDLE_IDENTIFIER = TIPU.EcommarceFullApp;
				PRODUCT_NAME = "$(TARGET_NAME)";
				SWIFT_EMIT_LOC_STRINGS = YES;
				SWIFT_VERSION = 5.0;
				TARGETED_DEVICE_FAMILY = "1,2";
			};
			name = Release;
		};
/* End XCBuildConfiguration section */

/* Begin XCConfigurationList section */
		E8BEEA282AEA62C00037A97F /* Build configuration list for PBXProject "EcommarceFullApp" */ = {
			isa = XCConfigurationList;
			buildConfigurations = (
				E8BEEA3F2AEA62C40037A97F /* Debug */,
				E8BEEA402AEA62C40037A97F /* Release */,
			);
			defaultConfigurationIsVisible = 0;
			defaultConfigurationName = Release;
		};
		E8BEEA412AEA62C40037A97F /* Build configuration list for PBXNativeTarget "EcommarceFullApp" */ = {
			isa = XCConfigurationList;
			buildConfigurations = (
				E8BEEA422AEA62C40037A97F /* Debug */,
				E8BEEA432AEA62C40037A97F /* Release */,
			);
			defaultConfigurationIsVisible = 0;
			defaultConfigurationName = Release;
		};
/* End XCConfigurationList section */
	};
	rootObject = E8BEEA252AEA62C00037A97F /* Project object */;
}
